
Microsoft Visual Studio Solution File, Format Version 12.00
# Visual Studio 15
VisualStudioVersion = 15.0.26730.12
MinimumVisualStudioVersion = 10.0.40219.1
Project("{FAE04EC0-301F-11D3-BF4B-00C04F79EFBC}") = "iu", "GSB\iu.csproj", "{D0149265-F92E-46C7-B6F3-65748AA83E52}"
EndProject
Project("{FAE04EC0-301F-11D3-BF4B-00C04F79EFBC}") = "dao", "dao\dao.csproj", "{C1084914-029E-4AFB-9C17-0FD53631C202}"
EndProject
Project("{FAE04EC0-301F-11D3-BF4B-00C04F79EFBC}") = "metier", "metier\metier.csproj", "{62AA524A-1C64-4F19-8BDB-6C51204D18EB}"
EndProject
Global
	GlobalSection(SolutionConfigurationPlatforms) = preSolution
		Debug|Any CPU = Debug|Any CPU
		Release|Any CPU = Release|Any CPU
	EndGlobalSection
	GlobalSection(ProjectConfigurationPlatforms) = postSolution
		{D0149265-F92E-46C7-B6F3-65748AA83E52}.Debug|Any CPU.ActiveCfg = Debug|Any CPU
		{D0149265-F92E-46C7-B6F3-65748AA83E52}.Debug|Any CPU.Build.0 = Debug|Any CPU
		{D0149265-F92E-46C7-B6F3-65748AA83E52}.Release|Any CPU.ActiveCfg = Release|Any CPU
		{D0149265-F92E-46C7-B6F3-65748AA83E52}.Release|Any CPU.Build.0 = Release|Any CPU
		{C1084914-029E-4AFB-9C17-0FD53631C202}.Debug|Any CPU.ActiveCfg = Debug|Any CPU
		{C1084914-029E-4AFB-9C17-0FD53631C202}.Debug|Any CPU.Build.0 = Debug|Any CPU
		{C1084914-029E-4AFB-9C17-0FD53631C202}.Release|Any CPU.ActiveCfg = Release|Any CPU
		{C1084914-029E-4AFB-9C17-0FD53631C202}.Release|Any CPU.Build.0 = Release|Any CPU
		{62AA524A-1C64-4F19-8BDB-6C51204D18EB}.Debug|Any CPU.ActiveCfg = Debug|Any CPU
		{62AA524A-1C64-4F19-8BDB-6C51204D18EB}.Debug|Any CPU.Build.0 = Debug|Any CPU
		{62AA524A-1C64-4F19-8BDB-6C51204D18EB}.Release|Any CPU.ActiveCfg = Release|Any CPU
		{62AA524A-1C64-4F19-8BDB-6C51204D18EB}.Release|Any CPU.Build.0 = Release|Any CPU
	EndGlobalSection
	GlobalSection(SolutionProperties) = preSolution
		HideSolutionNode = FALSE
	EndGlobalSection
	GlobalSection(ExtensibilityGlobals) = postSolution
		SolutionGuid = {A84D0991-9263-4359-8356-68803B0D6168}
	EndGlobalSection
EndGlobal
